
Microsoft Visual Studio Solution File, Format Version 12.00
# Visual Studio Version 16
VisualStudioVersion = 16.0.31624.102
MinimumVisualStudioVersion = 10.0.40219.1
Project("{FAE04EC0-301F-11D3-BF4B-00C04F79EFBC}") = "Comic Book Maker", "Comic Book Maker\Comic Book Maker.csproj", "{7A1ADF90-9A84-45A4-8EB5-9AC4F891E135}"
EndProject
Project("{54435603-DBB4-11D2-8724-00A0C9A8B90C}") = "Comic Book Maker Installer", "Comic Book Maker Installer\Comic Book Maker Installer.vdproj", "{90B7FE3E-7C3F-4C7B-AE75-06EA7E78A37A}"
EndProject
Global
	GlobalSection(SolutionConfigurationPlatforms) = preSolution
		Debug|Any CPU = Debug|Any CPU
		Debug|x86 = Debug|x86
		Release|Any CPU = Release|Any CPU
		Release|x86 = Release|x86
	EndGlobalSection
	GlobalSection(ProjectConfigurationPlatforms) = postSolution
		{7A1ADF90-9A84-45A4-8EB5-9AC4F891E135}.Debug|Any CPU.ActiveCfg = Debug|Any CPU
		{7A1ADF90-9A84-45A4-8EB5-9AC4F891E135}.Debug|Any CPU.Build.0 = Debug|Any CPU
		{7A1ADF90-9A84-45A4-8EB5-9AC4F891E135}.Debug|x86.ActiveCfg = Debug|Any CPU
		{7A1ADF90-9A84-45A4-8EB5-9AC4F891E135}.Debug|x86.Build.0 = Debug|Any CPU
		{7A1ADF90-9A84-45A4-8EB5-9AC4F891E135}.Release|Any CPU.ActiveCfg = Release|Any CPU
		{7A1ADF90-9A84-45A4-8EB5-9AC4F891E135}.Release|Any CPU.Build.0 = Release|Any CPU
		{7A1ADF90-9A84-45A4-8EB5-9AC4F891E135}.Release|x86.ActiveCfg = Release|Any CPU
		{7A1ADF90-9A84-45A4-8EB5-9AC4F891E135}.Release|x86.Build.0 = Release|Any CPU
		{90B7FE3E-7C3F-4C7B-AE75-06EA7E78A37A}.Debug|Any CPU.ActiveCfg = Debug
		{90B7FE3E-7C3F-4C7B-AE75-06EA7E78A37A}.Debug|x86.ActiveCfg = Debug
		{90B7FE3E-7C3F-4C7B-AE75-06EA7E78A37A}.Debug|x86.Build.0 = Debug
		{90B7FE3E-7C3F-4C7B-AE75-06EA7E78A37A}.Release|Any CPU.ActiveCfg = Release
		{90B7FE3E-7C3F-4C7B-AE75-06EA7E78A37A}.Release|x86.ActiveCfg = Release
		{90B7FE3E-7C3F-4C7B-AE75-06EA7E78A37A}.Release|x86.Build.0 = Release
	EndGlobalSection
	GlobalSection(SolutionProperties) = preSolution
		HideSolutionNode = FALSE
	EndGlobalSection
	GlobalSection(ExtensibilityGlobals) = postSolution
		SolutionGuid = {B534B33A-4E70-4FB2-8B37-5353FBCAE64F}
	EndGlobalSection
EndGlobal
